
Microsoft Visual Studio Solution File, Format Version 12.00
# Visual Studio Version 17
VisualStudioVersion = 17.4.33110.190
MinimumVisualStudioVersion = 10.0.40219.1
Project("{FAE04EC0-301F-11D3-BF4B-00C04F79EFBC}") = "SnakeandLadder", "SnakeandLadder.csproj", "{7A286D67-BF48-4BEA-BC06-A9519870EE2B}"
EndProject
Global
	GlobalSection(SolutionConfigurationPlatforms) = preSolution
		Debug|Any CPU = Debug|Any CPU
		Release|Any CPU = Release|Any CPU
	EndGlobalSection
	GlobalSection(ProjectConfigurationPlatforms) = postSolution
		{7A286D67-BF48-4BEA-BC06-A9519870EE2B}.Debug|Any CPU.ActiveCfg = Debug|Any CPU
		{7A286D67-BF48-4BEA-BC06-A9519870EE2B}.Debug|Any CPU.Build.0 = Debug|Any CPU
		{7A286D67-BF48-4BEA-BC06-A9519870EE2B}.Release|Any CPU.ActiveCfg = Release|Any CPU
		{7A286D67-BF48-4BEA-BC06-A9519870EE2B}.Release|Any CPU.Build.0 = Release|Any CPU
	EndGlobalSection
	GlobalSection(SolutionProperties) = preSolution
		HideSolutionNode = FALSE
	EndGlobalSection
	GlobalSection(ExtensibilityGlobals) = postSolution
		SolutionGuid = {F91EF6B9-C2DF-4F97-BDCC-38C7D38F7444}
	EndGlobalSection
EndGlobal
